
Microsoft Visual Studio Solution File, Format Version 12.00
# Visual Studio Version 17
VisualStudioVersion = 17.8.34525.116
MinimumVisualStudioVersion = 10.0.40219.1
Project("{9A19103F-16F7-4668-BE54-9A1E7A4F7556}") = "CarRental.DataAccess", "CarRental.DataAccess.csproj", "{1BCE1143-69BE-497E-B35D-06A5708FADC3}"
EndProject
Project("{FAE04EC0-301F-11D3-BF4B-00C04F79EFBC}") = "CarRental.ConsoleApp", "..\CarRental.ConsoleApp\CarRental.ConsoleApp.csproj", "{59F7ACF0-964B-4959-94E2-E8EF323D09D1}"
EndProject
Global
	GlobalSection(SolutionConfigurationPlatforms) = preSolution
		Debug|Any CPU = Debug|Any CPU
		Release|Any CPU = Release|Any CPU
	EndGlobalSection
	GlobalSection(ProjectConfigurationPlatforms) = postSolution
		{1BCE1143-69BE-497E-B35D-06A5708FADC3}.Debug|Any CPU.ActiveCfg = Debug|Any CPU
		{1BCE1143-69BE-497E-B35D-06A5708FADC3}.Debug|Any CPU.Build.0 = Debug|Any CPU
		{1BCE1143-69BE-497E-B35D-06A5708FADC3}.Release|Any CPU.ActiveCfg = Release|Any CPU
		{1BCE1143-69BE-497E-B35D-06A5708FADC3}.Release|Any CPU.Build.0 = Release|Any CPU
		{59F7ACF0-964B-4959-94E2-E8EF323D09D1}.Debug|Any CPU.ActiveCfg = Debug|Any CPU
		{59F7ACF0-964B-4959-94E2-E8EF323D09D1}.Debug|Any CPU.Build.0 = Debug|Any CPU
		{59F7ACF0-964B-4959-94E2-E8EF323D09D1}.Release|Any CPU.ActiveCfg = Release|Any CPU
		{59F7ACF0-964B-4959-94E2-E8EF323D09D1}.Release|Any CPU.Build.0 = Release|Any CPU
	EndGlobalSection
	GlobalSection(SolutionProperties) = preSolution
		HideSolutionNode = FALSE
	EndGlobalSection
	GlobalSection(ExtensibilityGlobals) = postSolution
		SolutionGuid = {3B96CF7F-384E-4866-93F0-E29CDE6EFC16}
	EndGlobalSection
EndGlobal
